
Microsoft Visual Studio Solution File, Format Version 12.00
# Visual Studio 2013
VisualStudioVersion = 12.0.21005.1
MinimumVisualStudioVersion = 10.0.40219.1
Project("{FAE04EC0-301F-11D3-BF4B-00C04F79EFBC}") = "IMPSTransactionRouter", "IMPSTransactionRouter\IMPSTransactionRouter.csproj", "{016B717E-E846-4CE8-91D0-A4F652766138}"
EndProject
Project("{FAE04EC0-301F-11D3-BF4B-00C04F79EFBC}") = "TerminalLogger", "TerminalLogger\TerminalLogger.csproj", "{48341AD2-A159-4A72-9CBB-3ACB84D78F63}"
EndProject
Project("{FAE04EC0-301F-11D3-BF4B-00C04F79EFBC}") = "MaxiSwitchDALC", "MIIPL.MaxiSwitchDALC\DALC\MaxiSwitchDALC.csproj", "{4A441A18-196C-4368-9850-6A6C62D892F5}"
EndProject
Project("{2150E333-8FDC-42A3-9474-1A3956D46DE8}") = "WEB API", "WEB API", "{A775BC29-72DB-472E-BA1F-858DAB28BFF2}"
EndProject
Project("{2150E333-8FDC-42A3-9474-1A3956D46DE8}") = "IMPS DAL", "IMPS DAL", "{403D044A-9D0C-43D8-8C19-47BDD66DCA80}"
EndProject
Project("{2150E333-8FDC-42A3-9474-1A3956D46DE8}") = "LOGGER", "LOGGER", "{1EA9A950-11E8-4826-815D-CD9D604A493E}"
EndProject
Project("{2150E333-8FDC-42A3-9474-1A3956D46DE8}") = "EncryptionDecryption", "EncryptionDecryption", "{33FFD291-2D36-4B70-865B-7F37FFDD9F06}"
EndProject
Project("{FAE04EC0-301F-11D3-BF4B-00C04F79EFBC}") = "EncryptionDecryption", "EncryptionDecryption\EncryptionDecryption.csproj", "{7CA456DA-56A8-4E5D-93B3-67E2F2E30009}"
EndProject
Project("{2150E333-8FDC-42A3-9474-1A3956D46DE8}") = "ComminicationChanel", "ComminicationChanel", "{45102973-C69C-424B-B194-A4780DF942BB}"
EndProject
Project("{FAE04EC0-301F-11D3-BF4B-00C04F79EFBC}") = "ComminicationChanel", "ComminicationChanel\ComminicationChanel.csproj", "{49B5B383-1C0B-44BF-AB63-695FE5B1EC61}"
EndProject
Project("{2150E333-8FDC-42A3-9474-1A3956D46DE8}") = "HSM", "HSM", "{6BA6640B-0F9A-4540-BBC0-88CD46069104}"
EndProject
Project("{FAE04EC0-301F-11D3-BF4B-00C04F79EFBC}") = "HsmInterface", "HsmInterface\HsmInterface.csproj", "{97E881BE-89E4-4264-B1F1-55122F1A0B65}"
EndProject
Project("{FAE04EC0-301F-11D3-BF4B-00C04F79EFBC}") = "MIIPL.Sockets.Client", "MIIPL.Sockets.Client\MIIPL.Sockets.Client.csproj", "{EB62D6A7-31C7-4AD6-8327-7E01E5EBD03D}"
EndProject
Project("{FAE04EC0-301F-11D3-BF4B-00C04F79EFBC}") = "HSMAppLogger", "HSMLogger\HSMAppLogger.csproj", "{47F57B9B-3279-4C12-BEE9-993AB367C738}"
EndProject
Project("{2150E333-8FDC-42A3-9474-1A3956D46DE8}") = "MIIPLComman", "MIIPLComman", "{D304D846-DEDF-45E0-8CC1-F189A7FC7F57}"
EndProject
Project("{FAE04EC0-301F-11D3-BF4B-00C04F79EFBC}") = "MIIPL.Common", "MIIPL.Common\MIIPL.Common.csproj", "{C9978191-4EC5-41F5-A99A-5FF1BAD15F6B}"
EndProject
Project("{FAE04EC0-301F-11D3-BF4B-00C04F79EFBC}") = "MIIPL.Sockets.Server", "MIIPL.Sockets.Server\MIIPL.Sockets.Server.csproj", "{7793649A-3541-4808-866E-DCC3A61D86E0}"
EndProject
Project("{2150E333-8FDC-42A3-9474-1A3956D46DE8}") = "SwitchComChanel", "SwitchComChanel", "{F33ACB93-52C5-44E0-B768-F9D4AF898999}"
EndProject
Project("{2150E333-8FDC-42A3-9474-1A3956D46DE8}") = "SwitchComManager", "SwitchComManager", "{E55CF600-1DDE-4C5C-A487-922666819AB6}"
EndProject
Project("{FAE04EC0-301F-11D3-BF4B-00C04F79EFBC}") = "HostComminicationChanel", "HostInterface\ComminicationChanel\HostComminicationChanel.csproj", "{2C21D3D2-12C5-483B-9B0E-B6E7E8B97F6A}"
EndProject
Project("{FAE04EC0-301F-11D3-BF4B-00C04F79EFBC}") = "CommunicationManager", "HostInterface\CommunicationManager\CommunicationManager.csproj", "{4512F52B-7DA2-4438-B9B4-E132DEA46833}"
EndProject
Project("{2150E333-8FDC-42A3-9474-1A3956D46DE8}") = "JsonLibrary", "JsonLibrary", "{42906F17-7C19-4B7B-A541-AC433F9EE92A}"
EndProject
Global
	GlobalSection(SolutionConfigurationPlatforms) = preSolution
		Debug|Any CPU = Debug|Any CPU
		Release|Any CPU = Release|Any CPU
	EndGlobalSection
	GlobalSection(ProjectConfigurationPlatforms) = postSolution
		{016B717E-E846-4CE8-91D0-A4F652766138}.Debug|Any CPU.ActiveCfg = Debug|Any CPU
		{016B717E-E846-4CE8-91D0-A4F652766138}.Debug|Any CPU.Build.0 = Debug|Any CPU
		{016B717E-E846-4CE8-91D0-A4F652766138}.Release|Any CPU.ActiveCfg = Release|Any CPU
		{016B717E-E846-4CE8-91D0-A4F652766138}.Release|Any CPU.Build.0 = Release|Any CPU
		{48341AD2-A159-4A72-9CBB-3ACB84D78F63}.Debug|Any CPU.ActiveCfg = Debug|Any CPU
		{48341AD2-A159-4A72-9CBB-3ACB84D78F63}.Debug|Any CPU.Build.0 = Debug|Any CPU
		{48341AD2-A159-4A72-9CBB-3ACB84D78F63}.Release|Any CPU.ActiveCfg = Release|Any CPU
		{48341AD2-A159-4A72-9CBB-3ACB84D78F63}.Release|Any CPU.Build.0 = Release|Any CPU
		{4A441A18-196C-4368-9850-6A6C62D892F5}.Debug|Any CPU.ActiveCfg = Debug|Any CPU
		{4A441A18-196C-4368-9850-6A6C62D892F5}.Debug|Any CPU.Build.0 = Debug|Any CPU
		{4A441A18-196C-4368-9850-6A6C62D892F5}.Release|Any CPU.ActiveCfg = Release|Any CPU
		{4A441A18-196C-4368-9850-6A6C62D892F5}.Release|Any CPU.Build.0 = Release|Any CPU
		{7CA456DA-56A8-4E5D-93B3-67E2F2E30009}.Debug|Any CPU.ActiveCfg = Debug|Any CPU
		{7CA456DA-56A8-4E5D-93B3-67E2F2E30009}.Debug|Any CPU.Build.0 = Debug|Any CPU
		{7CA456DA-56A8-4E5D-93B3-67E2F2E30009}.Release|Any CPU.ActiveCfg = Release|Any CPU
		{7CA456DA-56A8-4E5D-93B3-67E2F2E30009}.Release|Any CPU.Build.0 = Release|Any CPU
		{49B5B383-1C0B-44BF-AB63-695FE5B1EC61}.Debug|Any CPU.ActiveCfg = Debug|Any CPU
		{49B5B383-1C0B-44BF-AB63-695FE5B1EC61}.Debug|Any CPU.Build.0 = Debug|Any CPU
		{49B5B383-1C0B-44BF-AB63-695FE5B1EC61}.Release|Any CPU.ActiveCfg = Release|Any CPU
		{49B5B383-1C0B-44BF-AB63-695FE5B1EC61}.Release|Any CPU.Build.0 = Release|Any CPU
		{97E881BE-89E4-4264-B1F1-55122F1A0B65}.Debug|Any CPU.ActiveCfg = Debug|Any CPU
		{97E881BE-89E4-4264-B1F1-55122F1A0B65}.Debug|Any CPU.Build.0 = Debug|Any CPU
		{97E881BE-89E4-4264-B1F1-55122F1A0B65}.Release|Any CPU.ActiveCfg = Release|Any CPU
		{97E881BE-89E4-4264-B1F1-55122F1A0B65}.Release|Any CPU.Build.0 = Release|Any CPU
		{EB62D6A7-31C7-4AD6-8327-7E01E5EBD03D}.Debug|Any CPU.ActiveCfg = Debug|Any CPU
		{EB62D6A7-31C7-4AD6-8327-7E01E5EBD03D}.Debug|Any CPU.Build.0 = Debug|Any CPU
		{EB62D6A7-31C7-4AD6-8327-7E01E5EBD03D}.Release|Any CPU.ActiveCfg = Release|Any CPU
		{EB62D6A7-31C7-4AD6-8327-7E01E5EBD03D}.Release|Any CPU.Build.0 = Release|Any CPU
		{47F57B9B-3279-4C12-BEE9-993AB367C738}.Debug|Any CPU.ActiveCfg = Debug|Any CPU
		{47F57B9B-3279-4C12-BEE9-993AB367C738}.Debug|Any CPU.Build.0 = Debug|Any CPU
		{47F57B9B-3279-4C12-BEE9-993AB367C738}.Release|Any CPU.ActiveCfg = Release|Any CPU
		{47F57B9B-3279-4C12-BEE9-993AB367C738}.Release|Any CPU.Build.0 = Release|Any CPU
		{C9978191-4EC5-41F5-A99A-5FF1BAD15F6B}.Debug|Any CPU.ActiveCfg = Debug|Any CPU
		{C9978191-4EC5-41F5-A99A-5FF1BAD15F6B}.Debug|Any CPU.Build.0 = Debug|Any CPU
		{C9978191-4EC5-41F5-A99A-5FF1BAD15F6B}.Release|Any CPU.ActiveCfg = Release|Any CPU
		{C9978191-4EC5-41F5-A99A-5FF1BAD15F6B}.Release|Any CPU.Build.0 = Release|Any CPU
		{7793649A-3541-4808-866E-DCC3A61D86E0}.Debug|Any CPU.ActiveCfg = Debug|Any CPU
		{7793649A-3541-4808-866E-DCC3A61D86E0}.Debug|Any CPU.Build.0 = Debug|Any CPU
		{7793649A-3541-4808-866E-DCC3A61D86E0}.Release|Any CPU.ActiveCfg = Release|Any CPU
		{7793649A-3541-4808-866E-DCC3A61D86E0}.Release|Any CPU.Build.0 = Release|Any CPU
		{2C21D3D2-12C5-483B-9B0E-B6E7E8B97F6A}.Debug|Any CPU.ActiveCfg = Debug|Any CPU
		{2C21D3D2-12C5-483B-9B0E-B6E7E8B97F6A}.Debug|Any CPU.Build.0 = Debug|Any CPU
		{2C21D3D2-12C5-483B-9B0E-B6E7E8B97F6A}.Release|Any CPU.ActiveCfg = Release|Any CPU
		{2C21D3D2-12C5-483B-9B0E-B6E7E8B97F6A}.Release|Any CPU.Build.0 = Release|Any CPU
		{4512F52B-7DA2-4438-B9B4-E132DEA46833}.Debug|Any CPU.ActiveCfg = Debug|Any CPU
		{4512F52B-7DA2-4438-B9B4-E132DEA46833}.Debug|Any CPU.Build.0 = Debug|Any CPU
		{4512F52B-7DA2-4438-B9B4-E132DEA46833}.Release|Any CPU.ActiveCfg = Release|Any CPU
		{4512F52B-7DA2-4438-B9B4-E132DEA46833}.Release|Any CPU.Build.0 = Release|Any CPU
	EndGlobalSection
	GlobalSection(SolutionProperties) = preSolution
		HideSolutionNode = FALSE
	EndGlobalSection
	GlobalSection(NestedProjects) = preSolution
		{016B717E-E846-4CE8-91D0-A4F652766138} = {A775BC29-72DB-472E-BA1F-858DAB28BFF2}
		{48341AD2-A159-4A72-9CBB-3ACB84D78F63} = {1EA9A950-11E8-4826-815D-CD9D604A493E}
		{4A441A18-196C-4368-9850-6A6C62D892F5} = {403D044A-9D0C-43D8-8C19-47BDD66DCA80}
		{7CA456DA-56A8-4E5D-93B3-67E2F2E30009} = {33FFD291-2D36-4B70-865B-7F37FFDD9F06}
		{49B5B383-1C0B-44BF-AB63-695FE5B1EC61} = {45102973-C69C-424B-B194-A4780DF942BB}
		{97E881BE-89E4-4264-B1F1-55122F1A0B65} = {6BA6640B-0F9A-4540-BBC0-88CD46069104}
		{EB62D6A7-31C7-4AD6-8327-7E01E5EBD03D} = {6BA6640B-0F9A-4540-BBC0-88CD46069104}
		{47F57B9B-3279-4C12-BEE9-993AB367C738} = {6BA6640B-0F9A-4540-BBC0-88CD46069104}
		{7793649A-3541-4808-866E-DCC3A61D86E0} = {6BA6640B-0F9A-4540-BBC0-88CD46069104}
		{C9978191-4EC5-41F5-A99A-5FF1BAD15F6B} = {D304D846-DEDF-45E0-8CC1-F189A7FC7F57}
		{2C21D3D2-12C5-483B-9B0E-B6E7E8B97F6A} = {F33ACB93-52C5-44E0-B768-F9D4AF898999}
		{4512F52B-7DA2-4438-B9B4-E132DEA46833} = {E55CF600-1DDE-4C5C-A487-922666819AB6}
	EndGlobalSection
EndGlobal
